<?xml version="1.0" encoding="utf-8"?>
<Project ToolsVersion="4.0" xmlns="http://schemas.microsoft.com/developer/msbuild/2003">
  <ItemGroup>
    <Filter Include="Source Files">
      <UniqueIdentifier>{4FC737F1-C7A5-4376-A066-2A32D752A2FF}</UniqueIdentifier>
      <Extensions>cpp;c;cc;cxx;c++;cppm;ixx;def;odl;idl;hpj;bat;asm;asmx</Extensions>
    </Filter>
    <Filter Include="Header Files">
      <UniqueIdentifier>{93995380-89BD-4b04-88EB-625FBE52EBFB}</UniqueIdentifier>
      <Extensions>h;hh;hpp;hxx;h++;hm;inl;inc;ipp;xsd</Extensions>
    </Filter>
    <Filter Include="Resource Files">
      <UniqueIdentifier>{67DA6AB6-F800-4c08-8B7A-83BB121AAD01}</UniqueIdentifier>
      <Extensions>rc;ico;cur;bmp;dlg;rc2;rct;bin;rgs;gif;jpg;jpeg;jpe;resx;tiff;tif;png;wav;mfcribbon-ms</Extensions>
    </Filter>
    <Filter Include="Source Files\Days">
      <UniqueIdentifier>{b4aca248-f694-4e85-97af-a1dc36e8b5ca}</UniqueIdentifier>
    </Filter>
    <Filter Include="Header Files\Days">
      <UniqueIdentifier>{776e358f-d0b4-4c64-9bf8-5e2eabfa5c5b}</UniqueIdentifier>
    </Filter>
    <Filter Include="Resource Files\Data">
      <UniqueIdentifier>{57bfada1-4e72-41ab-8e5b-d2b0a3936c47}</UniqueIdentifier>
    </Filter>
  </ItemGroup>
  <ItemGroup>
    <ClCompile Include="main.cpp">
      <Filter>Source Files</Filter>
    </ClCompile>
    <ClCompile Include="Day.cpp">
      <Filter>Source Files</Filter>
    </ClCompile>
    <ClCompile Include="Days\One.cpp">
      <Filter>Source Files\Days</Filter>
    </ClCompile>
    <ClCompile Include="Days\Three.cpp">
      <Filter>Source Files\Days</Filter>
    </ClCompile>
    <ClCompile Include="Days\Two.cpp">
      <Filter>Source Files\Days</Filter>
    </ClCompile>
    <ClCompile Include="Days\Four.cpp">
      <Filter>Source Files\Days</Filter>
    </ClCompile>
    <ClCompile Include="Days\Five.cpp">
      <Filter>Source Files\Days</Filter>
    </ClCompile>
  </ItemGroup>
  <ItemGroup>
    <ClInclude Include="Day.h">
      <Filter>Header Files</Filter>
    </ClInclude>
    <ClInclude Include="Days.h">
      <Filter>Header Files</Filter>
    </ClInclude>
    <ClInclude Include="Days\One.h">
      <Filter>Header Files\Days</Filter>
    </ClInclude>
    <ClInclude Include="Days\Three.h">
      <Filter>Header Files\Days</Filter>
    </ClInclude>
    <ClInclude Include="Days\Two.h">
      <Filter>Header Files\Days</Filter>
    </ClInclude>
    <ClInclude Include="Days\Four.h">
      <Filter>Header Files\Days</Filter>
    </ClInclude>
    <ClInclude Include="Days\Five.h">
      <Filter>Header Files\Days</Filter>
    </ClInclude>
  </ItemGroup>
  <ItemGroup>
    <Text Include="Data\Input_1.txt">
      <Filter>Resource Files\Data</Filter>
    </Text>
    <Text Include="Data\Input_2.txt">
      <Filter>Resource Files\Data</Filter>
    </Text>
    <Text Include="Data\Input_3.txt">
      <Filter>Resource Files\Data</Filter>
    </Text>
    <Text Include="Data\Test_1.txt">
      <Filter>Resource Files\Data</Filter>
    </Text>
    <Text Include="Data\Test_2.txt">
      <Filter>Resource Files\Data</Filter>
    </Text>
    <Text Include="Data\Test_3.txt">
      <Filter>Resource Files\Data</Filter>
    </Text>
    <Text Include="Data\Test_4.txt">
      <Filter>Resource Files\Data</Filter>
    </Text>
    <Text Include="Data\Input_4.txt">
      <Filter>Resource Files\Data</Filter>
    </Text>
    <Text Include="Data\Input_5.txt">
      <Filter>Resource Files\Data</Filter>
    </Text>
    <Text Include="Data\Test_5.txt">
      <Filter>Resource Files\Data</Filter>
    </Text>
  </ItemGroup>
</Project>